
Microsoft Visual Studio Solution File, Format Version 12.00
# Visual Studio Version 17
VisualStudioVersion = 17.10.34928.147
MinimumVisualStudioVersion = 10.0.40219.1
Project("{FAE04EC0-301F-11D3-BF4B-00C04F79EFBC}") = "pohozhie", "pohozhie\pohozhie.csproj", "{E2676E35-340B-4506-ABF3-A1C6AA256255}"
EndProject
Global
	GlobalSection(SolutionConfigurationPlatforms) = preSolution
		Debug|Any CPU = Debug|Any CPU
		Release|Any CPU = Release|Any CPU
	EndGlobalSection
	GlobalSection(ProjectConfigurationPlatforms) = postSolution
		{E2676E35-340B-4506-ABF3-A1C6AA256255}.Debug|Any CPU.ActiveCfg = Debug|Any CPU
		{E2676E35-340B-4506-ABF3-A1C6AA256255}.Debug|Any CPU.Build.0 = Debug|Any CPU
		{E2676E35-340B-4506-ABF3-A1C6AA256255}.Release|Any CPU.ActiveCfg = Release|Any CPU
		{E2676E35-340B-4506-ABF3-A1C6AA256255}.Release|Any CPU.Build.0 = Release|Any CPU
	EndGlobalSection
	GlobalSection(SolutionProperties) = preSolution
		HideSolutionNode = FALSE
	EndGlobalSection
	GlobalSection(ExtensibilityGlobals) = postSolution
		SolutionGuid = {F80E7811-8409-4BC1-97F8-1AA76839DA73}
	EndGlobalSection
EndGlobal
